
Microsoft Visual Studio Solution File, Format Version 12.00
# Visual Studio Version 16
VisualStudioVersion = 16.0.29728.190
MinimumVisualStudioVersion = 10.0.40219.1
Project("{FAE04EC0-301F-11D3-BF4B-00C04F79EFBC}") = "NullableTypes", "NullableTypes\NullableTypes.csproj", "{07E8C459-0907-4BC2-A2B8-C54841B254B7}"
EndProject
Global
	GlobalSection(SolutionConfigurationPlatforms) = preSolution
		Debug|Any CPU = Debug|Any CPU
		Release|Any CPU = Release|Any CPU
	EndGlobalSection
	GlobalSection(ProjectConfigurationPlatforms) = postSolution
		{07E8C459-0907-4BC2-A2B8-C54841B254B7}.Debug|Any CPU.ActiveCfg = Debug|Any CPU
		{07E8C459-0907-4BC2-A2B8-C54841B254B7}.Debug|Any CPU.Build.0 = Debug|Any CPU
		{07E8C459-0907-4BC2-A2B8-C54841B254B7}.Release|Any CPU.ActiveCfg = Release|Any CPU
		{07E8C459-0907-4BC2-A2B8-C54841B254B7}.Release|Any CPU.Build.0 = Release|Any CPU
	EndGlobalSection
	GlobalSection(SolutionProperties) = preSolution
		HideSolutionNode = FALSE
	EndGlobalSection
	GlobalSection(ExtensibilityGlobals) = postSolution
		SolutionGuid = {7C7DC4D0-5ABB-4AF0-BCB0-E5F7F42E281D}
	EndGlobalSection
EndGlobal
